
Microsoft Visual Studio Solution File, Format Version 12.00
# Visual Studio 15
VisualStudioVersion = 15.0.28307.1000
MinimumVisualStudioVersion = 10.0.40219.1
Project("{FAE04EC0-301F-11D3-BF4B-00C04F79EFBC}") = "HepajSharp.ESP", "HepajSharp.ESP\HepajSharp.ESP.csproj", "{6E68F9FC-548D-47F2-BE50-1B8EA1282840}"
EndProject
Global
	GlobalSection(SolutionConfigurationPlatforms) = preSolution
		Debug|Any CPU = Debug|Any CPU
		Release|Any CPU = Release|Any CPU
	EndGlobalSection
	GlobalSection(ProjectConfigurationPlatforms) = postSolution
		{6E68F9FC-548D-47F2-BE50-1B8EA1282840}.Debug|Any CPU.ActiveCfg = Debug|Any CPU
		{6E68F9FC-548D-47F2-BE50-1B8EA1282840}.Debug|Any CPU.Build.0 = Debug|Any CPU
		{6E68F9FC-548D-47F2-BE50-1B8EA1282840}.Release|Any CPU.ActiveCfg = Release|Any CPU
		{6E68F9FC-548D-47F2-BE50-1B8EA1282840}.Release|Any CPU.Build.0 = Release|Any CPU
	EndGlobalSection
	GlobalSection(SolutionProperties) = preSolution
		HideSolutionNode = FALSE
	EndGlobalSection
	GlobalSection(ExtensibilityGlobals) = postSolution
		SolutionGuid = {EEBAD6D9-93F4-4045-879D-28E51DDE5DA4}
	EndGlobalSection
EndGlobal
